
Microsoft Visual Studio Solution File, Format Version 12.00
# Visual Studio Version 17
VisualStudioVersion = 17.3.32922.545
MinimumVisualStudioVersion = 10.0.40219.1
Project("{FAE04EC0-301F-11D3-BF4B-00C04F79EFBC}") = "DiscordMultiBot", "DiscordMultiBot\DiscordMultiBot.csproj", "{2173B423-9B8F-4BAB-8270-EC42FEEDE88C}"
EndProject
Global
	GlobalSection(SolutionConfigurationPlatforms) = preSolution
		Debug|Any CPU = Debug|Any CPU
		Release|Any CPU = Release|Any CPU
	EndGlobalSection
	GlobalSection(ProjectConfigurationPlatforms) = postSolution
		{2173B423-9B8F-4BAB-8270-EC42FEEDE88C}.Debug|Any CPU.ActiveCfg = Debug|Any CPU
		{2173B423-9B8F-4BAB-8270-EC42FEEDE88C}.Debug|Any CPU.Build.0 = Debug|Any CPU
		{2173B423-9B8F-4BAB-8270-EC42FEEDE88C}.Release|Any CPU.ActiveCfg = Release|Any CPU
		{2173B423-9B8F-4BAB-8270-EC42FEEDE88C}.Release|Any CPU.Build.0 = Release|Any CPU
	EndGlobalSection
	GlobalSection(SolutionProperties) = preSolution
		HideSolutionNode = FALSE
	EndGlobalSection
	GlobalSection(ExtensibilityGlobals) = postSolution
		SolutionGuid = {82210AFA-0E72-4853-B7A6-05E31E06064F}
	EndGlobalSection
EndGlobal
