
Microsoft Visual Studio Solution File, Format Version 12.00
# Visual Studio Version 16
VisualStudioVersion = 25.0.1700.7
MinimumVisualStudioVersion = 10.0.40219.1
Project("{FAE04EC0-301F-11D3-BF4B-00C04F79EFBC}") = "CounterTask", "CounterClass\CounterTask.csproj", "{50CA380F-C748-473A-B0C4-3532F3CB6F54}"
EndProject
Global
	GlobalSection(SolutionConfigurationPlatforms) = preSolution
		Debug|Any CPU = Debug|Any CPU
		Release|Any CPU = Release|Any CPU
	EndGlobalSection
	GlobalSection(ProjectConfigurationPlatforms) = postSolution
		{50CA380F-C748-473A-B0C4-3532F3CB6F54}.Debug|Any CPU.ActiveCfg = Debug|Any CPU
		{50CA380F-C748-473A-B0C4-3532F3CB6F54}.Debug|Any CPU.Build.0 = Debug|Any CPU
		{50CA380F-C748-473A-B0C4-3532F3CB6F54}.Release|Any CPU.ActiveCfg = Release|Any CPU
		{50CA380F-C748-473A-B0C4-3532F3CB6F54}.Release|Any CPU.Build.0 = Release|Any CPU
	EndGlobalSection
	GlobalSection(SolutionProperties) = preSolution
		HideSolutionNode = FALSE
	EndGlobalSection
	GlobalSection(ExtensibilityGlobals) = postSolution
		SolutionGuid = {50C36F57-FF56-4A71-90FA-21C9F90027B6}
	EndGlobalSection
EndGlobal
