
Microsoft Visual Studio Solution File, Format Version 12.00
# Visual Studio Version 16
VisualStudioVersion = 25.0.1700.7
MinimumVisualStudioVersion = 10.0.40219.1
Project("{FAE04EC0-301F-11D3-BF4B-00C04F79EFBC}") = "Average", "Average\Average.csproj", "{3CC56F0E-9DF0-4FDD-AC04-16F1227A736A}"
EndProject
Global
	GlobalSection(SolutionConfigurationPlatforms) = preSolution
		Debug|Any CPU = Debug|Any CPU
		Release|Any CPU = Release|Any CPU
	EndGlobalSection
	GlobalSection(ProjectConfigurationPlatforms) = postSolution
		{3CC56F0E-9DF0-4FDD-AC04-16F1227A736A}.Debug|Any CPU.ActiveCfg = Debug|Any CPU
		{3CC56F0E-9DF0-4FDD-AC04-16F1227A736A}.Debug|Any CPU.Build.0 = Debug|Any CPU
		{3CC56F0E-9DF0-4FDD-AC04-16F1227A736A}.Release|Any CPU.ActiveCfg = Release|Any CPU
		{3CC56F0E-9DF0-4FDD-AC04-16F1227A736A}.Release|Any CPU.Build.0 = Release|Any CPU
	EndGlobalSection
	GlobalSection(SolutionProperties) = preSolution
		HideSolutionNode = FALSE
	EndGlobalSection
	GlobalSection(ExtensibilityGlobals) = postSolution
		SolutionGuid = {BF6EB8B9-6AAD-408A-BCD3-41D110B0D0E8}
	EndGlobalSection
EndGlobal
