
Microsoft Visual Studio Solution File, Format Version 12.00
# Visual Studio Version 16
VisualStudioVersion = 25.0.1700.7
MinimumVisualStudioVersion = 10.0.40219.1
Project("{FAE04EC0-301F-11D3-BF4B-00C04F79EFBC}") = "DrawingShape", "DrawingShape.csproj", "{7067138E-CE5E-4280-ACC3-9EE78609B881}"
EndProject
Global
	GlobalSection(SolutionConfigurationPlatforms) = preSolution
		Debug|Any CPU = Debug|Any CPU
		Release|Any CPU = Release|Any CPU
	EndGlobalSection
	GlobalSection(ProjectConfigurationPlatforms) = postSolution
		{7067138E-CE5E-4280-ACC3-9EE78609B881}.Debug|Any CPU.ActiveCfg = Debug|Any CPU
		{7067138E-CE5E-4280-ACC3-9EE78609B881}.Debug|Any CPU.Build.0 = Debug|Any CPU
		{7067138E-CE5E-4280-ACC3-9EE78609B881}.Release|Any CPU.ActiveCfg = Release|Any CPU
		{7067138E-CE5E-4280-ACC3-9EE78609B881}.Release|Any CPU.Build.0 = Release|Any CPU
	EndGlobalSection
	GlobalSection(SolutionProperties) = preSolution
		HideSolutionNode = FALSE
	EndGlobalSection
	GlobalSection(ExtensibilityGlobals) = postSolution
		SolutionGuid = {05369B11-F5DE-42F3-B55E-D34CF87DC7F2}
	EndGlobalSection
EndGlobal
